
Microsoft Visual Studio Solution File, Format Version 12.00
# Visual Studio Version 17
VisualStudioVersion = 17.8.34511.84
MinimumVisualStudioVersion = 10.0.40219.1
Project("{9A19103F-16F7-4668-BE54-9A1E7A4F7556}") = "SimpleLibraryv2", "SimpleLibraryv2\SimpleLibraryv2.csproj", "{1606570F-B412-4BAA-B283-C1E835E7C0D1}"
EndProject
Project("{FAE04EC0-301F-11D3-BF4B-00C04F79EFBC}") = "SimpleLibraryv2.Test", "SimpleLibraryv2.Test\SimpleLibraryv2.Test.csproj", "{082B181B-1111-41E5-AF58-A166ED2C61C1}"
EndProject
Global
	GlobalSection(SolutionConfigurationPlatforms) = preSolution
		Debug|Any CPU = Debug|Any CPU
		Release|Any CPU = Release|Any CPU
	EndGlobalSection
	GlobalSection(ProjectConfigurationPlatforms) = postSolution
		{1606570F-B412-4BAA-B283-C1E835E7C0D1}.Debug|Any CPU.ActiveCfg = Debug|Any CPU
		{1606570F-B412-4BAA-B283-C1E835E7C0D1}.Debug|Any CPU.Build.0 = Debug|Any CPU
		{1606570F-B412-4BAA-B283-C1E835E7C0D1}.Release|Any CPU.ActiveCfg = Release|Any CPU
		{1606570F-B412-4BAA-B283-C1E835E7C0D1}.Release|Any CPU.Build.0 = Release|Any CPU
		{082B181B-1111-41E5-AF58-A166ED2C61C1}.Debug|Any CPU.ActiveCfg = Debug|Any CPU
		{082B181B-1111-41E5-AF58-A166ED2C61C1}.Debug|Any CPU.Build.0 = Debug|Any CPU
		{082B181B-1111-41E5-AF58-A166ED2C61C1}.Release|Any CPU.ActiveCfg = Release|Any CPU
		{082B181B-1111-41E5-AF58-A166ED2C61C1}.Release|Any CPU.Build.0 = Release|Any CPU
	EndGlobalSection
	GlobalSection(SolutionProperties) = preSolution
		HideSolutionNode = FALSE
	EndGlobalSection
	GlobalSection(ExtensibilityGlobals) = postSolution
		SolutionGuid = {3356BCEE-A992-485C-BB3B-140A265B28BA}
	EndGlobalSection
EndGlobal
